
Microsoft Visual Studio Solution File, Format Version 12.00
# Visual Studio Version 17
VisualStudioVersion = 17.3.32922.545
MinimumVisualStudioVersion = 10.0.40219.1
Project("{2150E333-8FDC-42A3-9474-1A3956D46DE8}") = "Library", "Library", "{961B33D4-1E81-4755-90F8-B1457FDB5788}"
EndProject
Project("{FAE04EC0-301F-11D3-BF4B-00C04F79EFBC}") = "MagazineLib", "ClassLibrary\MagazineLib.csproj", "{084BEF33-3F87-480A-BF39-F67DB739D2DB}"
EndProject
Project("{2150E333-8FDC-42A3-9474-1A3956D46DE8}") = "Presentation", "Presentation", "{0A4BB59D-99DD-4315-85A5-9E0AC9DE00DF}"
	ProjectSection(SolutionItems) = preProject
		Class3.cs = Class3.cs
	EndProjectSection
EndProject
Project("{2150E333-8FDC-42A3-9474-1A3956D46DE8}") = "Testing", "Testing", "{543832DC-E17A-42F6-92BB-C67F38547AC1}"
	ProjectSection(SolutionItems) = preProject
		Class2.cs = Class2.cs
	EndProjectSection
EndProject
Global
	GlobalSection(SolutionConfigurationPlatforms) = preSolution
		Debug|Any CPU = Debug|Any CPU
		Release|Any CPU = Release|Any CPU
	EndGlobalSection
	GlobalSection(ProjectConfigurationPlatforms) = postSolution
		{084BEF33-3F87-480A-BF39-F67DB739D2DB}.Debug|Any CPU.ActiveCfg = Debug|Any CPU
		{084BEF33-3F87-480A-BF39-F67DB739D2DB}.Debug|Any CPU.Build.0 = Debug|Any CPU
		{084BEF33-3F87-480A-BF39-F67DB739D2DB}.Release|Any CPU.ActiveCfg = Release|Any CPU
		{084BEF33-3F87-480A-BF39-F67DB739D2DB}.Release|Any CPU.Build.0 = Release|Any CPU
	EndGlobalSection
	GlobalSection(SolutionProperties) = preSolution
		HideSolutionNode = FALSE
	EndGlobalSection
	GlobalSection(NestedProjects) = preSolution
		{084BEF33-3F87-480A-BF39-F67DB739D2DB} = {961B33D4-1E81-4755-90F8-B1457FDB5788}
	EndGlobalSection
	GlobalSection(ExtensibilityGlobals) = postSolution
		SolutionGuid = {3B637CF0-A611-47BB-A190-B9ADECFC95BC}
	EndGlobalSection
EndGlobal
